
Microsoft Visual Studio Solution File, Format Version 12.00
# Visual Studio Version 17
VisualStudioVersion = 17.0.31903.59
MinimumVisualStudioVersion = 10.0.40219.1
Project("{FAE04EC0-301F-11D3-BF4B-00C04F79EFBC}") = "program", "program\program.csproj", "{74D28DFB-7CA6-46F9-A31E-0B120F2D7A7D}"
EndProject
Project("{FAE04EC0-301F-11D3-BF4B-00C04F79EFBC}") = "benchmark", "benchmark\benchmark.csproj", "{43E59ACE-8340-4A8B-882B-CE90EBC4CB03}"
EndProject
Project("{FAE04EC0-301F-11D3-BF4B-00C04F79EFBC}") = "tests", "tests\tests.csproj", "{B32EA50C-A061-4891-97BA-A2450F7B509B}"
EndProject
Global
	GlobalSection(SolutionConfigurationPlatforms) = preSolution
		Debug|Any CPU = Debug|Any CPU
		Release|Any CPU = Release|Any CPU
	EndGlobalSection
	GlobalSection(SolutionProperties) = preSolution
		HideSolutionNode = FALSE
	EndGlobalSection
	GlobalSection(ProjectConfigurationPlatforms) = postSolution
		{74D28DFB-7CA6-46F9-A31E-0B120F2D7A7D}.Debug|Any CPU.ActiveCfg = Debug|Any CPU
		{74D28DFB-7CA6-46F9-A31E-0B120F2D7A7D}.Debug|Any CPU.Build.0 = Debug|Any CPU
		{74D28DFB-7CA6-46F9-A31E-0B120F2D7A7D}.Release|Any CPU.ActiveCfg = Release|Any CPU
		{74D28DFB-7CA6-46F9-A31E-0B120F2D7A7D}.Release|Any CPU.Build.0 = Release|Any CPU
		{43E59ACE-8340-4A8B-882B-CE90EBC4CB03}.Debug|Any CPU.ActiveCfg = Debug|Any CPU
		{43E59ACE-8340-4A8B-882B-CE90EBC4CB03}.Debug|Any CPU.Build.0 = Debug|Any CPU
		{43E59ACE-8340-4A8B-882B-CE90EBC4CB03}.Release|Any CPU.ActiveCfg = Release|Any CPU
		{43E59ACE-8340-4A8B-882B-CE90EBC4CB03}.Release|Any CPU.Build.0 = Release|Any CPU
		{B32EA50C-A061-4891-97BA-A2450F7B509B}.Debug|Any CPU.ActiveCfg = Debug|Any CPU
		{B32EA50C-A061-4891-97BA-A2450F7B509B}.Debug|Any CPU.Build.0 = Debug|Any CPU
		{B32EA50C-A061-4891-97BA-A2450F7B509B}.Release|Any CPU.ActiveCfg = Release|Any CPU
		{B32EA50C-A061-4891-97BA-A2450F7B509B}.Release|Any CPU.Build.0 = Release|Any CPU
	EndGlobalSection
EndGlobal
